github.com/chasefleming/elem-go v0.25.0 h1:LYzr1auk39Bh3bdKloArOFV7sOBnOfSOKxsg58eWL0Q=
github.com/chasefleming/elem-go v0.25.0/go.mod h1:hz73qILBIKnTgOujnSMtEj20/epI+f6vg71RUilJAA4=
github.com/yuin/goldmark v1.7.1 h1:3bajkSilaCbjdKVsKdZjZCLBNPL9pYzrCakKaf4U49U=
github.com/yuin/goldmark v1.7.1/go.mod h1:uzxRWxtg69N339t3louHJ7+O03ezfj6PlliRlaOzY1E=
